{
  "name": "pattern",
  "lockfileVersion": 3,
  "requires": true,
  "packages": {
    "": {
      "dependencies": {
        "@garyliao/pattern-lock-js-advanced": "^1.0.1"
      }
    },
    "node_modules/@garyliao/pattern-lock-js-advanced": {
      "version": "1.0.1",
      "resolved": "https://registry.npmjs.org/@garyliao/pattern-lock-js-advanced/-/pattern-lock-js-advanced-1.0.1.tgz",
      "integrity": "sha512-U3ZaV9M2SyK4DLSRcGibOg1Y4akHMNaCpVBEjijG4EvuKwwACyRCf36D/3oVFlKLquQ58O6Q6Hc6Wp259gfHgg==",
      "license": "MIT",
      "dependencies": {
        "jquery": "^3.2.1"
      }
    },
    "node_modules/jquery": {
      "version": "3.7.1",
      "resolved": "https://registry.npmjs.org/jquery/-/jquery-3.7.1.tgz",
      "integrity": "sha512-m4avr8yL8kmFN8psrbFFFmB/If14iN5o9nw/NgnnM+kybDJpRsAynV2BsfpTYrTRysYUdADVD7CkUUizgkpLfg==",
      "license": "MIT"
    }
  }
}
